
Microsoft Visual Studio Solution File, Format Version 12.00
Project("{2150E333-8FDC-42A3-9474-1A3956D46DE8}") = "AdminPanelAPIGateway", "AdminPanelAPIGateway", "{C629D313-930F-42B1-8045-2B228AC8124A}"
EndProject
Project("{FAE04EC0-301F-11D3-BF4B-00C04F79EFBC}") = "Common", "AdminPanelAPIGateway\Common\Common.csproj", "{0EDF3AA9-588B-4A99-9CFE-4008190C1328}"
EndProject
Project("{FAE04EC0-301F-11D3-BF4B-00C04F79EFBC}") = "DataModel", "AdminPanelAPIGateway\DataModel\DataModel.csproj", "{6E1C209D-7DAD-4307-B820-DCCC5F2D54EF}"
EndProject
Project("{FAE04EC0-301F-11D3-BF4B-00C04F79EFBC}") = "DataAccess", "AdminPanelAPIGateway\DataAccess\DataAccess.csproj", "{A1766B39-2D40-4C64-9B77-488F7571F1BA}"
EndProject
Project("{FAE04EC0-301F-11D3-BF4B-00C04F79EFBC}") = "DataService", "AdminPanelAPIGateway\DataService\DataService.csproj", "{1C25AB56-6444-4C6D-A829-8408A253E483}"
EndProject
Project("{FAE04EC0-301F-11D3-BF4B-00C04F79EFBC}") = "Presentation", "AdminPanelAPIGateway\Presentation\Presentation.csproj", "{4B507758-DD39-4ECC-9A8B-46D737DDF553}"
EndProject
Project("{FAE04EC0-301F-11D3-BF4B-00C04F79EFBC}") = "WebFramework", "AdminPanelAPIGateway\WebFramework\WebFramework.csproj", "{34D6C3AF-6758-4AF2-B71F-031ECD4EE3B5}"
EndProject
Project("{2150E333-8FDC-42A3-9474-1A3956D46DE8}") = "IdentityService", "IdentityService", "{6D50B2C8-280E-428F-9D27-096285DE6908}"
EndProject
Project("{2150E333-8FDC-42A3-9474-1A3956D46DE8}") = "VideoService", "VideoService", "{F9DABB5A-F992-4121-9563-F9FF1FD7AC7F}"
EndProject
Project("{FAE04EC0-301F-11D3-BF4B-00C04F79EFBC}") = "Common", "VideoService\Common\Common.csproj", "{C74A608F-6A11-4994-81C0-FE6E4890B017}"
EndProject
Project("{FAE04EC0-301F-11D3-BF4B-00C04F79EFBC}") = "DataModel", "VideoService\DataModel\DataModel.csproj", "{0AE804F3-E61C-4EE5-B44A-983FEF332CBD}"
EndProject
Project("{FAE04EC0-301F-11D3-BF4B-00C04F79EFBC}") = "XUnitIntegrationTest", "AdminPanelAPIGateway\XUnitIntegrationTest\XUnitIntegrationTest.csproj", "{A25A7D4B-8C9C-49A6-8FE1-118FBBCB317C}"
EndProject
Project("{FAE04EC0-301F-11D3-BF4B-00C04F79EFBC}") = "Common", "IdentityService\Common\Common.csproj", "{C022EE17-87EB-42BD-B305-014D652C456B}"
EndProject
Project("{FAE04EC0-301F-11D3-BF4B-00C04F79EFBC}") = "DataModel", "IdentityService\DataModel\DataModel.csproj", "{303B514F-D603-4F4A-8949-EBE9585AF469}"
EndProject
Project("{FAE04EC0-301F-11D3-BF4B-00C04F79EFBC}") = "DataAccess", "IdentityService\DataAccess\DataAccess.csproj", "{CA41AF54-EAF2-4B2A-B537-47F15DD422B7}"
EndProject
Project("{FAE04EC0-301F-11D3-BF4B-00C04F79EFBC}") = "DataService", "IdentityService\DataService\DataService.csproj", "{ABCEC3C6-3CBA-449E-BBF9-3F2226EBA935}"
EndProject
Project("{FAE04EC0-301F-11D3-BF4B-00C04F79EFBC}") = "WebFramework", "IdentityService\WebFramework\WebFramework.csproj", "{A194AF83-1349-415D-83CF-9583D70C15E3}"
EndProject
Project("{FAE04EC0-301F-11D3-BF4B-00C04F79EFBC}") = "Presentation", "IdentityService\Presentation\Presentation.csproj", "{20DFCB63-0770-4D8A-B20E-D06DF94CCBBB}"
EndProject
Project("{FAE04EC0-301F-11D3-BF4B-00C04F79EFBC}") = "XUnitIntegrationTest", "IdentityService\XUnitIntegrationTest\XUnitIntegrationTest.csproj", "{D898C68B-35F9-4619-A2A4-919CC86394BE}"
EndProject
Project("{FAE04EC0-301F-11D3-BF4B-00C04F79EFBC}") = "DataAccess", "VideoService\DataAccess\DataAccess.csproj", "{3C2A7E18-ECDE-41D4-B344-FC884511136E}"
EndProject
Project("{FAE04EC0-301F-11D3-BF4B-00C04F79EFBC}") = "DataService", "VideoService\DataService\DataService.csproj", "{ECF2A3C3-A43F-4EB2-ACEA-A21074CE7A94}"
EndProject
Project("{FAE04EC0-301F-11D3-BF4B-00C04F79EFBC}") = "WebFramework", "VideoService\WebFramework\WebFramework.csproj", "{C68E0855-1F30-4CE8-A64E-0E9A18D1920E}"
EndProject
Project("{FAE04EC0-301F-11D3-BF4B-00C04F79EFBC}") = "Presentation", "VideoService\Presentation\Presentation.csproj", "{762F7B4D-8315-48B0-992F-EA1E598AC6A0}"
EndProject
Project("{FAE04EC0-301F-11D3-BF4B-00C04F79EFBC}") = "XUnitIntegrationTest", "VideoService\XUnitIntegrationTest\XUnitIntegrationTest.csproj", "{42B2837C-5F5A-4B14-B847-BDFCDBDA40A8}"
EndProject
Global
	GlobalSection(SolutionConfigurationPlatforms) = preSolution
		Debug|Any CPU = Debug|Any CPU
		Release|Any CPU = Release|Any CPU
	EndGlobalSection
	GlobalSection(ProjectConfigurationPlatforms) = postSolution
		{0EDF3AA9-588B-4A99-9CFE-4008190C1328}.Debug|Any CPU.ActiveCfg = Debug|Any CPU
		{0EDF3AA9-588B-4A99-9CFE-4008190C1328}.Debug|Any CPU.Build.0 = Debug|Any CPU
		{0EDF3AA9-588B-4A99-9CFE-4008190C1328}.Release|Any CPU.ActiveCfg = Release|Any CPU
		{0EDF3AA9-588B-4A99-9CFE-4008190C1328}.Release|Any CPU.Build.0 = Release|Any CPU
		{6E1C209D-7DAD-4307-B820-DCCC5F2D54EF}.Debug|Any CPU.ActiveCfg = Debug|Any CPU
		{6E1C209D-7DAD-4307-B820-DCCC5F2D54EF}.Debug|Any CPU.Build.0 = Debug|Any CPU
		{6E1C209D-7DAD-4307-B820-DCCC5F2D54EF}.Release|Any CPU.ActiveCfg = Release|Any CPU
		{6E1C209D-7DAD-4307-B820-DCCC5F2D54EF}.Release|Any CPU.Build.0 = Release|Any CPU
		{A1766B39-2D40-4C64-9B77-488F7571F1BA}.Debug|Any CPU.ActiveCfg = Debug|Any CPU
		{A1766B39-2D40-4C64-9B77-488F7571F1BA}.Debug|Any CPU.Build.0 = Debug|Any CPU
		{A1766B39-2D40-4C64-9B77-488F7571F1BA}.Release|Any CPU.ActiveCfg = Release|Any CPU
		{A1766B39-2D40-4C64-9B77-488F7571F1BA}.Release|Any CPU.Build.0 = Release|Any CPU
		{1C25AB56-6444-4C6D-A829-8408A253E483}.Debug|Any CPU.ActiveCfg = Debug|Any CPU
		{1C25AB56-6444-4C6D-A829-8408A253E483}.Debug|Any CPU.Build.0 = Debug|Any CPU
		{1C25AB56-6444-4C6D-A829-8408A253E483}.Release|Any CPU.ActiveCfg = Release|Any CPU
		{1C25AB56-6444-4C6D-A829-8408A253E483}.Release|Any CPU.Build.0 = Release|Any CPU
		{4B507758-DD39-4ECC-9A8B-46D737DDF553}.Debug|Any CPU.ActiveCfg = Debug|Any CPU
		{4B507758-DD39-4ECC-9A8B-46D737DDF553}.Debug|Any CPU.Build.0 = Debug|Any CPU
		{4B507758-DD39-4ECC-9A8B-46D737DDF553}.Release|Any CPU.ActiveCfg = Release|Any CPU
		{4B507758-DD39-4ECC-9A8B-46D737DDF553}.Release|Any CPU.Build.0 = Release|Any CPU
		{34D6C3AF-6758-4AF2-B71F-031ECD4EE3B5}.Debug|Any CPU.ActiveCfg = Debug|Any CPU
		{34D6C3AF-6758-4AF2-B71F-031ECD4EE3B5}.Debug|Any CPU.Build.0 = Debug|Any CPU
		{34D6C3AF-6758-4AF2-B71F-031ECD4EE3B5}.Release|Any CPU.ActiveCfg = Release|Any CPU
		{34D6C3AF-6758-4AF2-B71F-031ECD4EE3B5}.Release|Any CPU.Build.0 = Release|Any CPU
		{C74A608F-6A11-4994-81C0-FE6E4890B017}.Debug|Any CPU.ActiveCfg = Debug|Any CPU
		{C74A608F-6A11-4994-81C0-FE6E4890B017}.Debug|Any CPU.Build.0 = Debug|Any CPU
		{C74A608F-6A11-4994-81C0-FE6E4890B017}.Release|Any CPU.ActiveCfg = Release|Any CPU
		{C74A608F-6A11-4994-81C0-FE6E4890B017}.Release|Any CPU.Build.0 = Release|Any CPU
		{0AE804F3-E61C-4EE5-B44A-983FEF332CBD}.Debug|Any CPU.ActiveCfg = Debug|Any CPU
		{0AE804F3-E61C-4EE5-B44A-983FEF332CBD}.Debug|Any CPU.Build.0 = Debug|Any CPU
		{0AE804F3-E61C-4EE5-B44A-983FEF332CBD}.Release|Any CPU.ActiveCfg = Release|Any CPU
		{0AE804F3-E61C-4EE5-B44A-983FEF332CBD}.Release|Any CPU.Build.0 = Release|Any CPU
		{A25A7D4B-8C9C-49A6-8FE1-118FBBCB317C}.Debug|Any CPU.ActiveCfg = Debug|Any CPU
		{A25A7D4B-8C9C-49A6-8FE1-118FBBCB317C}.Debug|Any CPU.Build.0 = Debug|Any CPU
		{A25A7D4B-8C9C-49A6-8FE1-118FBBCB317C}.Release|Any CPU.ActiveCfg = Release|Any CPU
		{A25A7D4B-8C9C-49A6-8FE1-118FBBCB317C}.Release|Any CPU.Build.0 = Release|Any CPU
		{C022EE17-87EB-42BD-B305-014D652C456B}.Debug|Any CPU.ActiveCfg = Debug|Any CPU
		{C022EE17-87EB-42BD-B305-014D652C456B}.Debug|Any CPU.Build.0 = Debug|Any CPU
		{C022EE17-87EB-42BD-B305-014D652C456B}.Release|Any CPU.ActiveCfg = Release|Any CPU
		{C022EE17-87EB-42BD-B305-014D652C456B}.Release|Any CPU.Build.0 = Release|Any CPU
		{303B514F-D603-4F4A-8949-EBE9585AF469}.Debug|Any CPU.ActiveCfg = Debug|Any CPU
		{303B514F-D603-4F4A-8949-EBE9585AF469}.Debug|Any CPU.Build.0 = Debug|Any CPU
		{303B514F-D603-4F4A-8949-EBE9585AF469}.Release|Any CPU.ActiveCfg = Release|Any CPU
		{303B514F-D603-4F4A-8949-EBE9585AF469}.Release|Any CPU.Build.0 = Release|Any CPU
		{CA41AF54-EAF2-4B2A-B537-47F15DD422B7}.Debug|Any CPU.ActiveCfg = Debug|Any CPU
		{CA41AF54-EAF2-4B2A-B537-47F15DD422B7}.Debug|Any CPU.Build.0 = Debug|Any CPU
		{CA41AF54-EAF2-4B2A-B537-47F15DD422B7}.Release|Any CPU.ActiveCfg = Release|Any CPU
		{CA41AF54-EAF2-4B2A-B537-47F15DD422B7}.Release|Any CPU.Build.0 = Release|Any CPU
		{ABCEC3C6-3CBA-449E-BBF9-3F2226EBA935}.Debug|Any CPU.ActiveCfg = Debug|Any CPU
		{ABCEC3C6-3CBA-449E-BBF9-3F2226EBA935}.Debug|Any CPU.Build.0 = Debug|Any CPU
		{ABCEC3C6-3CBA-449E-BBF9-3F2226EBA935}.Release|Any CPU.ActiveCfg = Release|Any CPU
		{ABCEC3C6-3CBA-449E-BBF9-3F2226EBA935}.Release|Any CPU.Build.0 = Release|Any CPU
		{A194AF83-1349-415D-83CF-9583D70C15E3}.Debug|Any CPU.ActiveCfg = Debug|Any CPU
		{A194AF83-1349-415D-83CF-9583D70C15E3}.Debug|Any CPU.Build.0 = Debug|Any CPU
		{A194AF83-1349-415D-83CF-9583D70C15E3}.Release|Any CPU.ActiveCfg = Release|Any CPU
		{A194AF83-1349-415D-83CF-9583D70C15E3}.Release|Any CPU.Build.0 = Release|Any CPU
		{20DFCB63-0770-4D8A-B20E-D06DF94CCBBB}.Debug|Any CPU.ActiveCfg = Debug|Any CPU
		{20DFCB63-0770-4D8A-B20E-D06DF94CCBBB}.Debug|Any CPU.Build.0 = Debug|Any CPU
		{20DFCB63-0770-4D8A-B20E-D06DF94CCBBB}.Release|Any CPU.ActiveCfg = Release|Any CPU
		{20DFCB63-0770-4D8A-B20E-D06DF94CCBBB}.Release|Any CPU.Build.0 = Release|Any CPU
		{D898C68B-35F9-4619-A2A4-919CC86394BE}.Debug|Any CPU.ActiveCfg = Debug|Any CPU
		{D898C68B-35F9-4619-A2A4-919CC86394BE}.Debug|Any CPU.Build.0 = Debug|Any CPU
		{D898C68B-35F9-4619-A2A4-919CC86394BE}.Release|Any CPU.ActiveCfg = Release|Any CPU
		{D898C68B-35F9-4619-A2A4-919CC86394BE}.Release|Any CPU.Build.0 = Release|Any CPU
		{3C2A7E18-ECDE-41D4-B344-FC884511136E}.Debug|Any CPU.ActiveCfg = Debug|Any CPU
		{3C2A7E18-ECDE-41D4-B344-FC884511136E}.Debug|Any CPU.Build.0 = Debug|Any CPU
		{3C2A7E18-ECDE-41D4-B344-FC884511136E}.Release|Any CPU.ActiveCfg = Release|Any CPU
		{3C2A7E18-ECDE-41D4-B344-FC884511136E}.Release|Any CPU.Build.0 = Release|Any CPU
		{ECF2A3C3-A43F-4EB2-ACEA-A21074CE7A94}.Debug|Any CPU.ActiveCfg = Debug|Any CPU
		{ECF2A3C3-A43F-4EB2-ACEA-A21074CE7A94}.Debug|Any CPU.Build.0 = Debug|Any CPU
		{ECF2A3C3-A43F-4EB2-ACEA-A21074CE7A94}.Release|Any CPU.ActiveCfg = Release|Any CPU
		{ECF2A3C3-A43F-4EB2-ACEA-A21074CE7A94}.Release|Any CPU.Build.0 = Release|Any CPU
		{C68E0855-1F30-4CE8-A64E-0E9A18D1920E}.Debug|Any CPU.ActiveCfg = Debug|Any CPU
		{C68E0855-1F30-4CE8-A64E-0E9A18D1920E}.Debug|Any CPU.Build.0 = Debug|Any CPU
		{C68E0855-1F30-4CE8-A64E-0E9A18D1920E}.Release|Any CPU.ActiveCfg = Release|Any CPU
		{C68E0855-1F30-4CE8-A64E-0E9A18D1920E}.Release|Any CPU.Build.0 = Release|Any CPU
		{762F7B4D-8315-48B0-992F-EA1E598AC6A0}.Debug|Any CPU.ActiveCfg = Debug|Any CPU
		{762F7B4D-8315-48B0-992F-EA1E598AC6A0}.Debug|Any CPU.Build.0 = Debug|Any CPU
		{762F7B4D-8315-48B0-992F-EA1E598AC6A0}.Release|Any CPU.ActiveCfg = Release|Any CPU
		{762F7B4D-8315-48B0-992F-EA1E598AC6A0}.Release|Any CPU.Build.0 = Release|Any CPU
		{42B2837C-5F5A-4B14-B847-BDFCDBDA40A8}.Debug|Any CPU.ActiveCfg = Debug|Any CPU
		{42B2837C-5F5A-4B14-B847-BDFCDBDA40A8}.Debug|Any CPU.Build.0 = Debug|Any CPU
		{42B2837C-5F5A-4B14-B847-BDFCDBDA40A8}.Release|Any CPU.ActiveCfg = Release|Any CPU
		{42B2837C-5F5A-4B14-B847-BDFCDBDA40A8}.Release|Any CPU.Build.0 = Release|Any CPU
	EndGlobalSection
	GlobalSection(NestedProjects) = preSolution
		{0EDF3AA9-588B-4A99-9CFE-4008190C1328} = {C629D313-930F-42B1-8045-2B228AC8124A}
		{6E1C209D-7DAD-4307-B820-DCCC5F2D54EF} = {C629D313-930F-42B1-8045-2B228AC8124A}
		{A1766B39-2D40-4C64-9B77-488F7571F1BA} = {C629D313-930F-42B1-8045-2B228AC8124A}
		{1C25AB56-6444-4C6D-A829-8408A253E483} = {C629D313-930F-42B1-8045-2B228AC8124A}
		{4B507758-DD39-4ECC-9A8B-46D737DDF553} = {C629D313-930F-42B1-8045-2B228AC8124A}
		{34D6C3AF-6758-4AF2-B71F-031ECD4EE3B5} = {C629D313-930F-42B1-8045-2B228AC8124A}
		{C74A608F-6A11-4994-81C0-FE6E4890B017} = {F9DABB5A-F992-4121-9563-F9FF1FD7AC7F}
		{0AE804F3-E61C-4EE5-B44A-983FEF332CBD} = {F9DABB5A-F992-4121-9563-F9FF1FD7AC7F}
		{A25A7D4B-8C9C-49A6-8FE1-118FBBCB317C} = {C629D313-930F-42B1-8045-2B228AC8124A}
		{C022EE17-87EB-42BD-B305-014D652C456B} = {6D50B2C8-280E-428F-9D27-096285DE6908}
		{303B514F-D603-4F4A-8949-EBE9585AF469} = {6D50B2C8-280E-428F-9D27-096285DE6908}
		{CA41AF54-EAF2-4B2A-B537-47F15DD422B7} = {6D50B2C8-280E-428F-9D27-096285DE6908}
		{ABCEC3C6-3CBA-449E-BBF9-3F2226EBA935} = {6D50B2C8-280E-428F-9D27-096285DE6908}
		{A194AF83-1349-415D-83CF-9583D70C15E3} = {6D50B2C8-280E-428F-9D27-096285DE6908}
		{20DFCB63-0770-4D8A-B20E-D06DF94CCBBB} = {6D50B2C8-280E-428F-9D27-096285DE6908}
		{D898C68B-35F9-4619-A2A4-919CC86394BE} = {6D50B2C8-280E-428F-9D27-096285DE6908}
		{3C2A7E18-ECDE-41D4-B344-FC884511136E} = {F9DABB5A-F992-4121-9563-F9FF1FD7AC7F}
		{ECF2A3C3-A43F-4EB2-ACEA-A21074CE7A94} = {F9DABB5A-F992-4121-9563-F9FF1FD7AC7F}
		{C68E0855-1F30-4CE8-A64E-0E9A18D1920E} = {F9DABB5A-F992-4121-9563-F9FF1FD7AC7F}
		{762F7B4D-8315-48B0-992F-EA1E598AC6A0} = {F9DABB5A-F992-4121-9563-F9FF1FD7AC7F}
		{42B2837C-5F5A-4B14-B847-BDFCDBDA40A8} = {F9DABB5A-F992-4121-9563-F9FF1FD7AC7F}
	EndGlobalSection
EndGlobal
